
Microsoft Visual Studio Solution File, Format Version 12.00
# Visual Studio 15
VisualStudioVersion = 15.0.27428.2037
MinimumVisualStudioVersion = 10.0.40219.1
Project("{FAE04EC0-301F-11D3-BF4B-00C04F79EFBC}") = "TestPlatformExceptionTimeoutTestNetCore", "TestPlatformExceptionTimeoutTestNetCore\TestPlatformExceptionTimeoutTestNetCore.csproj", "{3E008A04-5180-4BEF-B239-2AE4DCF2B975}"
EndProject
Project("{FAE04EC0-301F-11D3-BF4B-00C04F79EFBC}") = "TestPlatformExceptionTimeoutTestNetFramework", "TestPlatformExceptionTimeoutTestNetFramework\TestPlatformExceptionTimeoutTestNetFramework.csproj", "{A89FFE76-86B0-49CE-85EB-2238D0D76FF9}"
EndProject
Global
	GlobalSection(SolutionConfigurationPlatforms) = preSolution
		Debug|Any CPU = Debug|Any CPU
		Release|Any CPU = Release|Any CPU
	EndGlobalSection
	GlobalSection(ProjectConfigurationPlatforms) = postSolution
		{3E008A04-5180-4BEF-B239-2AE4DCF2B975}.Debug|Any CPU.ActiveCfg = Debug|Any CPU
		{3E008A04-5180-4BEF-B239-2AE4DCF2B975}.Debug|Any CPU.Build.0 = Debug|Any CPU
		{3E008A04-5180-4BEF-B239-2AE4DCF2B975}.Release|Any CPU.ActiveCfg = Release|Any CPU
		{3E008A04-5180-4BEF-B239-2AE4DCF2B975}.Release|Any CPU.Build.0 = Release|Any CPU
		{A89FFE76-86B0-49CE-85EB-2238D0D76FF9}.Debug|Any CPU.ActiveCfg = Debug|Any CPU
		{A89FFE76-86B0-49CE-85EB-2238D0D76FF9}.Debug|Any CPU.Build.0 = Debug|Any CPU
		{A89FFE76-86B0-49CE-85EB-2238D0D76FF9}.Release|Any CPU.ActiveCfg = Release|Any CPU
		{A89FFE76-86B0-49CE-85EB-2238D0D76FF9}.Release|Any CPU.Build.0 = Release|Any CPU
	EndGlobalSection
	GlobalSection(SolutionProperties) = preSolution
		HideSolutionNode = FALSE
	EndGlobalSection
	GlobalSection(ExtensibilityGlobals) = postSolution
		SolutionGuid = {C2BA3050-B333-4480-982C-1E104F980102}
	EndGlobalSection
EndGlobal
